
Microsoft Visual Studio Solution File, Format Version 12.00
# Visual Studio Version 17
VisualStudioVersion = 17.0.31903.59
MinimumVisualStudioVersion = 10.0.40219.1
Project("{2150E333-8FDC-42A3-9474-1A3956D46DE8}") = "SolutionItems", "SolutionItems", "{DB2D800F-C35C-4B0B-A71E-0C85B200AF87}"
	ProjectSection(SolutionItems) = preProject
		README.md = README.md
		docker-compose.yaml = docker-compose.yaml
	EndProjectSection
EndProject
Project("{FAE04EC0-301F-11D3-BF4B-00C04F79EFBC}") = "MatchMaking.Service", "MatchMaking.Service\MatchMaking.Service.csproj", "{D5F2E132-FD7A-4F45-8F4B-DF4FF8704D3D}"
EndProject
Project("{FAE04EC0-301F-11D3-BF4B-00C04F79EFBC}") = "MatchMaking.Worker", "MatchMaking.Worker\MatchMaking.Worker.csproj", "{38E1FEB3-1063-4C86-B79B-1685CFF035E6}"
EndProject
Project("{FAE04EC0-301F-11D3-BF4B-00C04F79EFBC}") = "MatchMaking.Contracts", "MatchMaking.Contracts\MatchMaking.Contracts.csproj", "{FB322C65-E0B5-47AA-B0A1-7755CA2E4FCF}"
EndProject
Project("{FAE04EC0-301F-11D3-BF4B-00C04F79EFBC}") = "MatchMaking.Kafka", "MatchMaking.Kafka\MatchMaking.Kafka.csproj", "{A186BB16-7A64-4863-A895-6D62851E3400}"
EndProject
Project("{2150E333-8FDC-42A3-9474-1A3956D46DE8}") = "01-Internal", "01-Internal", "{61CBCE47-8469-414C-94D1-A742BCA27F33}"
EndProject
Project("{2150E333-8FDC-42A3-9474-1A3956D46DE8}") = "02-Domain", "02-Domain", "{8B1BB3C1-534C-4E76-9DF6-8262702018C2}"
EndProject
Project("{2150E333-8FDC-42A3-9474-1A3956D46DE8}") = "03-Tests", "03-Tests", "{02C31F32-E9FD-4CF7-8E94-3C15FFE2C54F}"
EndProject
Project("{FAE04EC0-301F-11D3-BF4B-00C04F79EFBC}") = "MatchMaking.Tests.Integration", "MatchMaking.Tests.Integration\MatchMaking.Tests.Integration.csproj", "{17F85222-DA98-413D-8369-703848FDE75B}"
EndProject
Global
	GlobalSection(SolutionConfigurationPlatforms) = preSolution
		Debug|Any CPU = Debug|Any CPU
		Release|Any CPU = Release|Any CPU
	EndGlobalSection
	GlobalSection(SolutionProperties) = preSolution
		HideSolutionNode = FALSE
	EndGlobalSection
	GlobalSection(ProjectConfigurationPlatforms) = postSolution
		{D5F2E132-FD7A-4F45-8F4B-DF4FF8704D3D}.Debug|Any CPU.ActiveCfg = Debug|Any CPU
		{D5F2E132-FD7A-4F45-8F4B-DF4FF8704D3D}.Debug|Any CPU.Build.0 = Debug|Any CPU
		{D5F2E132-FD7A-4F45-8F4B-DF4FF8704D3D}.Release|Any CPU.ActiveCfg = Release|Any CPU
		{D5F2E132-FD7A-4F45-8F4B-DF4FF8704D3D}.Release|Any CPU.Build.0 = Release|Any CPU
		{38E1FEB3-1063-4C86-B79B-1685CFF035E6}.Debug|Any CPU.ActiveCfg = Debug|Any CPU
		{38E1FEB3-1063-4C86-B79B-1685CFF035E6}.Debug|Any CPU.Build.0 = Debug|Any CPU
		{38E1FEB3-1063-4C86-B79B-1685CFF035E6}.Release|Any CPU.ActiveCfg = Release|Any CPU
		{38E1FEB3-1063-4C86-B79B-1685CFF035E6}.Release|Any CPU.Build.0 = Release|Any CPU
		{FB322C65-E0B5-47AA-B0A1-7755CA2E4FCF}.Debug|Any CPU.ActiveCfg = Debug|Any CPU
		{FB322C65-E0B5-47AA-B0A1-7755CA2E4FCF}.Debug|Any CPU.Build.0 = Debug|Any CPU
		{FB322C65-E0B5-47AA-B0A1-7755CA2E4FCF}.Release|Any CPU.ActiveCfg = Release|Any CPU
		{FB322C65-E0B5-47AA-B0A1-7755CA2E4FCF}.Release|Any CPU.Build.0 = Release|Any CPU
		{A186BB16-7A64-4863-A895-6D62851E3400}.Debug|Any CPU.ActiveCfg = Debug|Any CPU
		{A186BB16-7A64-4863-A895-6D62851E3400}.Debug|Any CPU.Build.0 = Debug|Any CPU
		{A186BB16-7A64-4863-A895-6D62851E3400}.Release|Any CPU.ActiveCfg = Release|Any CPU
		{A186BB16-7A64-4863-A895-6D62851E3400}.Release|Any CPU.Build.0 = Release|Any CPU
		{17F85222-DA98-413D-8369-703848FDE75B}.Debug|Any CPU.ActiveCfg = Debug|Any CPU
		{17F85222-DA98-413D-8369-703848FDE75B}.Debug|Any CPU.Build.0 = Debug|Any CPU
		{17F85222-DA98-413D-8369-703848FDE75B}.Release|Any CPU.ActiveCfg = Release|Any CPU
		{17F85222-DA98-413D-8369-703848FDE75B}.Release|Any CPU.Build.0 = Release|Any CPU
	EndGlobalSection
	GlobalSection(NestedProjects) = preSolution
		{FB322C65-E0B5-47AA-B0A1-7755CA2E4FCF} = {61CBCE47-8469-414C-94D1-A742BCA27F33}
		{A186BB16-7A64-4863-A895-6D62851E3400} = {61CBCE47-8469-414C-94D1-A742BCA27F33}
		{D5F2E132-FD7A-4F45-8F4B-DF4FF8704D3D} = {8B1BB3C1-534C-4E76-9DF6-8262702018C2}
		{38E1FEB3-1063-4C86-B79B-1685CFF035E6} = {8B1BB3C1-534C-4E76-9DF6-8262702018C2}
		{17F85222-DA98-413D-8369-703848FDE75B} = {02C31F32-E9FD-4CF7-8E94-3C15FFE2C54F}
	EndGlobalSection
EndGlobal
